
Microsoft Visual Studio Solution File, Format Version 12.00
# Visual Studio 15
VisualStudioVersion = 15.0.27703.2018
MinimumVisualStudioVersion = 10.0.40219.1
Project("{FAE04EC0-301F-11D3-BF4B-00C04F79EFBC}") = "TeslaTags", "TeslaTags\TeslaTags.csproj", "{831FE5D4-250F-4F55-9934-5072F2B7CBEE}"
EndProject
Project("{FAE04EC0-301F-11D3-BF4B-00C04F79EFBC}") = "TeslaTags.Gui", "TeslaTags.Gui\TeslaTags.Gui.csproj", "{624055F2-0408-49EA-A6C3-F59EE7DBA1CF}"
EndProject
Project("{FAE04EC0-301F-11D3-BF4B-00C04F79EFBC}") = "TeslaTags.QuickFix", "TeslaTags.QuickFix\TeslaTags.QuickFix.csproj", "{00C86126-7A1E-49F0-86BF-22EC16A20AA8}"
EndProject
Project("{FAE04EC0-301F-11D3-BF4B-00C04F79EFBC}") = "TeslaTags.Tests", "TeslaTags.Tests\TeslaTags.Tests.csproj", "{75366CB1-75C2-46C0-81FB-25D864E850ED}"
EndProject
Project("{2150E333-8FDC-42A3-9474-1A3956D46DE8}") = "Solution Items", "Solution Items", "{39F3288A-EA9E-4729-8872-EFC9A61BCEA6}"
	ProjectSection(SolutionItems) = preProject
		README.md = README.md
	EndProjectSection
EndProject
Global
	GlobalSection(SolutionConfigurationPlatforms) = preSolution
		Debug|Any CPU = Debug|Any CPU
		Release|Any CPU = Release|Any CPU
	EndGlobalSection
	GlobalSection(ProjectConfigurationPlatforms) = postSolution
		{831FE5D4-250F-4F55-9934-5072F2B7CBEE}.Debug|Any CPU.ActiveCfg = Debug|Any CPU
		{831FE5D4-250F-4F55-9934-5072F2B7CBEE}.Debug|Any CPU.Build.0 = Debug|Any CPU
		{831FE5D4-250F-4F55-9934-5072F2B7CBEE}.Release|Any CPU.ActiveCfg = Release|Any CPU
		{831FE5D4-250F-4F55-9934-5072F2B7CBEE}.Release|Any CPU.Build.0 = Release|Any CPU
		{624055F2-0408-49EA-A6C3-F59EE7DBA1CF}.Debug|Any CPU.ActiveCfg = Debug|Any CPU
		{624055F2-0408-49EA-A6C3-F59EE7DBA1CF}.Debug|Any CPU.Build.0 = Debug|Any CPU
		{624055F2-0408-49EA-A6C3-F59EE7DBA1CF}.Release|Any CPU.ActiveCfg = Release|Any CPU
		{624055F2-0408-49EA-A6C3-F59EE7DBA1CF}.Release|Any CPU.Build.0 = Release|Any CPU
		{00C86126-7A1E-49F0-86BF-22EC16A20AA8}.Debug|Any CPU.ActiveCfg = Debug|Any CPU
		{00C86126-7A1E-49F0-86BF-22EC16A20AA8}.Debug|Any CPU.Build.0 = Debug|Any CPU
		{00C86126-7A1E-49F0-86BF-22EC16A20AA8}.Release|Any CPU.ActiveCfg = Release|Any CPU
		{00C86126-7A1E-49F0-86BF-22EC16A20AA8}.Release|Any CPU.Build.0 = Release|Any CPU
		{75366CB1-75C2-46C0-81FB-25D864E850ED}.Debug|Any CPU.ActiveCfg = Debug|Any CPU
		{75366CB1-75C2-46C0-81FB-25D864E850ED}.Debug|Any CPU.Build.0 = Debug|Any CPU
		{75366CB1-75C2-46C0-81FB-25D864E850ED}.Release|Any CPU.ActiveCfg = Release|Any CPU
		{75366CB1-75C2-46C0-81FB-25D864E850ED}.Release|Any CPU.Build.0 = Release|Any CPU
	EndGlobalSection
	GlobalSection(SolutionProperties) = preSolution
		HideSolutionNode = FALSE
	EndGlobalSection
	GlobalSection(ExtensibilityGlobals) = postSolution
		SolutionGuid = {2ED6C957-2F54-44DC-B777-9303B3B49874}
	EndGlobalSection
EndGlobal
